
Microsoft Visual Studio Solution File, Format Version 12.00
# Visual Studio Version 17
VisualStudioVersion = 17.14.36202.13 d17.14
MinimumVisualStudioVersion = 10.0.40219.1
Project("{FAE04EC0-301F-11D3-BF4B-00C04F79EFBC}") = "Education_System", "Education_System.csproj", "{5B235E47-95A3-4C31-B333-47AC93E672A0}"
EndProject
Project("{FAE04EC0-301F-11D3-BF4B-00C04F79EFBC}") = "DATA", "..\DATA\DATA.csproj", "{D37BEC19-E35E-4E71-BBA6-E2EEC788C391}"
EndProject
Project("{FAE04EC0-301F-11D3-BF4B-00C04F79EFBC}") = "LOGIC", "..\LOGIC\LOGIC.csproj", "{5CB27E00-7112-4585-A506-2283693FF15A}"
EndProject
Global
	GlobalSection(SolutionConfigurationPlatforms) = preSolution
		Debug|Any CPU = Debug|Any CPU
		Release|Any CPU = Release|Any CPU
	EndGlobalSection
	GlobalSection(ProjectConfigurationPlatforms) = postSolution
		{5B235E47-95A3-4C31-B333-47AC93E672A0}.Debug|Any CPU.ActiveCfg = Debug|Any CPU
		{5B235E47-95A3-4C31-B333-47AC93E672A0}.Debug|Any CPU.Build.0 = Debug|Any CPU
		{5B235E47-95A3-4C31-B333-47AC93E672A0}.Release|Any CPU.ActiveCfg = Release|Any CPU
		{5B235E47-95A3-4C31-B333-47AC93E672A0}.Release|Any CPU.Build.0 = Release|Any CPU
		{D37BEC19-E35E-4E71-BBA6-E2EEC788C391}.Debug|Any CPU.ActiveCfg = Debug|Any CPU
		{D37BEC19-E35E-4E71-BBA6-E2EEC788C391}.Debug|Any CPU.Build.0 = Debug|Any CPU
		{D37BEC19-E35E-4E71-BBA6-E2EEC788C391}.Release|Any CPU.ActiveCfg = Release|Any CPU
		{D37BEC19-E35E-4E71-BBA6-E2EEC788C391}.Release|Any CPU.Build.0 = Release|Any CPU
		{5CB27E00-7112-4585-A506-2283693FF15A}.Debug|Any CPU.ActiveCfg = Debug|Any CPU
		{5CB27E00-7112-4585-A506-2283693FF15A}.Debug|Any CPU.Build.0 = Debug|Any CPU
		{5CB27E00-7112-4585-A506-2283693FF15A}.Release|Any CPU.ActiveCfg = Release|Any CPU
		{5CB27E00-7112-4585-A506-2283693FF15A}.Release|Any CPU.Build.0 = Release|Any CPU
	EndGlobalSection
	GlobalSection(SolutionProperties) = preSolution
		HideSolutionNode = FALSE
	EndGlobalSection
	GlobalSection(ExtensibilityGlobals) = postSolution
		SolutionGuid = {1EECD8D4-BD02-4FB2-AD81-2738502472A4}
	EndGlobalSection
EndGlobal
